<?xml version="1.0" encoding="utf-8"?>
<Project ToolsVersion="4.0" xmlns="http://schemas.microsoft.com/developer/msbuild/2003">
  <ItemGroup>
    <Filter Include="Source Files">
      <UniqueIdentifier>{4FC737F1-C7A5-4376-A066-2A32D752A2FF}</UniqueIdentifier>
      <Extensions>cpp;c;cc;cxx;def;odl;idl;hpj;bat;asm;asmx</Extensions>
    </Filter>
    <Filter Include="Header Files">
      <UniqueIdentifier>{93995380-89BD-4b04-88EB-625FBE52EBFB}</UniqueIdentifier>
      <Extensions>h;hpp;hxx;hm;inl;inc;xsd</Extensions>
    </Filter>
    <Filter Include="Resource Files">
      <UniqueIdentifier>{67DA6AB6-F800-4c08-8B7A-83BB121AAD01}</UniqueIdentifier>
      <Extensions>rc;ico;cur;bmp;dlg;rc2;rct;bin;rgs;gif;jpg;jpeg;jpe;resx;tiff;tif;png;wav;mfcribbon-ms</Extensions>
    </Filter>
    <Filter Include="Source Files\Utils">
      <UniqueIdentifier>{caf5c7e8-1072-4dc2-8414-8f9f75f213f3}</UniqueIdentifier>
    </Filter>
    <Filter Include="Header Files\Utils">
      <UniqueIdentifier>{ae7bef7a-ec31-49e1-8968-2aab75ae4d12}</UniqueIdentifier>
    </Filter>
    <Filter Include="Source Files\Renderer">
      <UniqueIdentifier>{62165ffa-790b-4904-843d-a7e06fd0acfa}</UniqueIdentifier>
    </Filter>
    <Filter Include="Header Files\Renderer">
      <UniqueIdentifier>{3b793db7-2fb1-4c6d-a2d7-c8eebbf5790b}</UniqueIdentifier>
    </Filter>
    <Filter Include="Header Files\Engine">
      <UniqueIdentifier>{09ff9500-a097-4237-990e-dea4ce8d434a}</UniqueIdentifier>
    </Filter>
    <Filter Include="Source Files\Engine">
      <UniqueIdentifier>{da4ec02b-e459-4ebb-a707-15351ddd4255}</UniqueIdentifier>
    </Filter>
    <Filter Include="Header Files\GUI">
      <UniqueIdentifier>{e52d3e75-5066-4dd0-8cdb-f661c08eea04}</UniqueIdentifier>
    </Filter>
    <Filter Include="Source Files\GUI">
      <UniqueIdentifier>{e97af42f-415f-4bda-9eee-a479b2589fb4}</UniqueIdentifier>
    </Filter>
    <Filter Include="Header Files\Math">
      <UniqueIdentifier>{23352a36-3c83-4600-9b22-adeae60c8b7a}</UniqueIdentifier>
    </Filter>
    <Filter Include="Source Files\Pong Game">
      <UniqueIdentifier>{780a115b-0f93-4856-acd8-28484e319cac}</UniqueIdentifier>
    </Filter>
    <Filter Include="Header Files\Pong Game">
      <UniqueIdentifier>{4538b9d1-a4cc-4e49-88ae-033bb16c190a}</UniqueIdentifier>
    </Filter>
    <Filter Include="Source Files\Input">
      <UniqueIdentifier>{284ca67e-cc21-454b-94ae-6782ab14822e}</UniqueIdentifier>
    </Filter>
    <Filter Include="Source Files\Scripting">
      <UniqueIdentifier>{d5495f34-1dc6-4e64-a463-4f816aa4cde6}</UniqueIdentifier>
    </Filter>
    <Filter Include="Header Files\Scripting">
      <UniqueIdentifier>{c640e4b6-786c-4c37-b2c1-1a09b875dfcb}</UniqueIdentifier>
    </Filter>
    <Filter Include="Header Files\Scripting\Natives">
      <UniqueIdentifier>{598bae52-7354-4adc-b7c2-53cd8a21237a}</UniqueIdentifier>
    </Filter>
    <Filter Include="Header Files\Utils\Win32">
      <UniqueIdentifier>{bb4f3858-d84d-44ea-9edb-d0c4382e023b}</UniqueIdentifier>
    </Filter>
    <Filter Include="Source Files\Utils\Win32">
      <UniqueIdentifier>{57a56517-7579-41f8-82a3-e101d34fa540}</UniqueIdentifier>
    </Filter>
    <Filter Include="Header Files\Physics">
      <UniqueIdentifier>{0bee59dd-fb69-4ee2-b41a-d7f28706e51c}</UniqueIdentifier>
    </Filter>
    <Filter Include="Header Files\Breakaway Game">
      <UniqueIdentifier>{cc770de6-3f62-44d3-aaf8-fe90a07766a5}</UniqueIdentifier>
    </Filter>
    <Filter Include="Source Files\Breakaway Game">
      <UniqueIdentifier>{906936ae-fb4a-4fdb-8503-58790b87ff91}</UniqueIdentifier>
    </Filter>
    <Filter Include="Header Files\Input">
      <UniqueIdentifier>{cd8710a3-c5e1-4a64-9403-eb32766731aa}</UniqueIdentifier>
    </Filter>
  </ItemGroup>
  <ItemGroup>
    <Text Include="ReadMe.txt" />
  </ItemGroup>
  <ItemGroup>
    <ClInclude Include="..\include\targetver.h">
      <Filter>Header Files</Filter>
    </ClInclude>
    <ClInclude Include="..\include\renderer\RenderWindow.h">
      <Filter>Header Files\Renderer</Filter>
    </ClInclude>
    <ClInclude Include="..\include\renderer\Renderer.h">
      <Filter>Header Files\Renderer</Filter>
    </ClInclude>
    <ClInclude Include="..\include\utils\Color.h">
      <Filter>Header Files\Utils</Filter>
    </ClInclude>
    <ClInclude Include="..\include\engine\Entity.h">
      <Filter>Header Files\Engine</Filter>
    </ClInclude>
    <ClInclude Include="..\include\gui\Label.h">
      <Filter>Header Files\GUI</Filter>
    </ClInclude>
    <ClInclude Include="..\include\math\Vec2d.h">
      <Filter>Header Files\Math</Filter>
    </ClInclude>
    <ClInclude Include="..\include\pong_game\Paddle.h">
      <Filter>Header Files\Pong Game</Filter>
    </ClInclude>
    <ClInclude Include="..\include\engine\World.h">
      <Filter>Header Files\Engine</Filter>
    </ClInclude>
    <ClInclude Include="..\include\pong_game\PongWorld.h">
      <Filter>Header Files\Pong Game</Filter>
    </ClInclude>
    <ClInclude Include="..\include\engine\Player.h">
      <Filter>Header Files\Engine</Filter>
    </ClInclude>
    <ClInclude Include="..\include\pong_game\PongPlayer.h">
      <Filter>Header Files\Pong Game</Filter>
    </ClInclude>
    <ClInclude Include="..\include\gui\RootPanel.h">
      <Filter>Header Files\GUI</Filter>
    </ClInclude>
    <ClInclude Include="..\include\math\Rectangle.h">
      <Filter>Header Files\Math</Filter>
    </ClInclude>
    <ClInclude Include="..\include\utils\Debug.h">
      <Filter>Header Files\Utils</Filter>
    </ClInclude>
    <ClInclude Include="..\include\renderer\VertexBuffer2D.h">
      <Filter>Header Files\Renderer</Filter>
    </ClInclude>
    <ClInclude Include="..\include\pong_game\Ball.h">
      <Filter>Header Files\Pong Game</Filter>
    </ClInclude>
    <ClInclude Include="..\include\pong_game\GameRules.h">
      <Filter>Header Files\Pong Game</Filter>
    </ClInclude>
    <ClInclude Include="..\include\math\Random.h">
      <Filter>Header Files\Math</Filter>
    </ClInclude>
    <ClInclude Include="..\include\gui\Event.h">
      <Filter>Header Files\GUI</Filter>
    </ClInclude>
    <ClInclude Include="..\include\engine\ConVar.h">
      <Filter>Header Files\Engine</Filter>
    </ClInclude>
    <ClInclude Include="..\include\engine\ConCommand.h">
      <Filter>Header Files\Engine</Filter>
    </ClInclude>
    <ClInclude Include="..\include\input\InputSystem.h">
      <Filter>Header Files\Input</Filter>
    </ClInclude>
    <ClInclude Include="..\include\input\KeyCodes.h">
      <Filter>Header Files\Input</Filter>
    </ClInclude>
    <ClInclude Include="..\include\input\InputEvent.h">
      <Filter>Header Files\Input</Filter>
    </ClInclude>
    <ClInclude Include="..\include\engine\KeyBindings.h">
      <Filter>Header Files\Engine</Filter>
    </ClInclude>
    <ClInclude Include="..\include\math\Math.h">
      <Filter>Header Files\Math</Filter>
    </ClInclude>
    <ClInclude Include="..\include\renderer\Win32Font.h">
      <Filter>Header Files\Renderer</Filter>
    </ClInclude>
    <ClInclude Include="..\include\input\Win32Translator.h">
      <Filter>Header Files\Input</Filter>
    </ClInclude>
    <ClInclude Include="..\include\renderer\Texture.h">
      <Filter>Header Files\Renderer</Filter>
    </ClInclude>
    <ClInclude Include="..\include\utils\TGA.h">
      <Filter>Header Files\Utils</Filter>
    </ClInclude>
    <ClInclude Include="..\include\renderer\Pixel.h">
      <Filter>Header Files\Renderer</Filter>
    </ClInclude>
    <ClInclude Include="..\include\gui\Base.h">
      <Filter>Header Files\GUI</Filter>
    </ClInclude>
    <ClInclude Include="..\include\utils\Log.h">
      <Filter>Header Files\Utils</Filter>
    </ClInclude>
    <ClInclude Include="..\include\utils\Timer.h">
      <Filter>Header Files\Utils</Filter>
    </ClInclude>
    <ClInclude Include="..\include\input\KeyCodeToString.h">
      <Filter>Header Files\Input</Filter>
    </ClInclude>
    <ClInclude Include="..\include\utils\win32\AutoHandle.h">
      <Filter>Header Files\Utils\Win32</Filter>
    </ClInclude>
    <ClInclude Include="..\include\utils\Helpers.h">
      <Filter>Header Files\Utils</Filter>
    </ClInclude>
    <ClInclude Include="..\include\utils\Assert.h">
      <Filter>Header Files\Utils</Filter>
    </ClInclude>
    <ClInclude Include="..\include\utils\win32\AssertCallBack.h">
      <Filter>Header Files\Utils\Win32</Filter>
    </ClInclude>
    <ClInclude Include="..\include\input\InputListener.h">
      <Filter>Header Files\Input</Filter>
    </ClInclude>
    <ClInclude Include="..\include\physics\Body.h">
      <Filter>Header Files\Physics</Filter>
    </ClInclude>
    <ClInclude Include="..\include\utils\win32\System.h">
      <Filter>Header Files\Utils\Win32</Filter>
    </ClInclude>
    <ClInclude Include="..\include\utils\StringUtils.h">
      <Filter>Header Files\Utils</Filter>
    </ClInclude>
    <ClInclude Include="..\include\utils\win32\Win32Includes.h">
      <Filter>Header Files\Utils\Win32</Filter>
    </ClInclude>
    <ClInclude Include="..\include\input\MouseEvent.h">
      <Filter>Header Files\Input</Filter>
    </ClInclude>
    <ClInclude Include="..\include\input\MouseListener.h">
      <Filter>Header Files\Input</Filter>
    </ClInclude>
    <ClInclude Include="..\include\gui\TextInput.h">
      <Filter>Header Files\GUI</Filter>
    </ClInclude>
    <ClInclude Include="..\include\pong_game\PongHUD.h">
      <Filter>Header Files\Pong Game</Filter>
    </ClInclude>
    <ClInclude Include="..\include\breakaway_game\Ball.h">
      <Filter>Header Files\Breakaway Game</Filter>
    </ClInclude>
    <ClInclude Include="..\include\breakaway_game\BreakAwayPlayer.h">
      <Filter>Header Files\Breakaway Game</Filter>
    </ClInclude>
    <ClInclude Include="..\include\breakaway_game\BreakAwayWorld.h">
      <Filter>Header Files\Breakaway Game</Filter>
    </ClInclude>
    <ClInclude Include="..\include\breakaway_game\BreakAwayBrick.h">
      <Filter>Header Files\Breakaway Game</Filter>
    </ClInclude>
    <ClInclude Include="..\include\breakaway_game\BreakAwayPaddle.h">
      <Filter>Header Files\Breakaway Game</Filter>
    </ClInclude>
    <ClInclude Include="..\include\input\CharListener.h">
      <Filter>Header Files\Input</Filter>
    </ClInclude>
    <ClInclude Include="..\include\utils\DataDirectory.h">
      <Filter>Header Files\Utils</Filter>
    </ClInclude>
  </ItemGroup>
  <ItemGroup>
    <ClCompile Include="..\src\renderer\Renderer.cpp">
      <Filter>Source Files\Renderer</Filter>
    </ClCompile>
    <ClCompile Include="..\src\renderer\RenderWindow.cpp">
      <Filter>Source Files\Renderer</Filter>
    </ClCompile>
    <ClCompile Include="..\src\renderer\Color.cpp">
      <Filter>Source Files\Utils</Filter>
    </ClCompile>
    <ClCompile Include="..\src\engine\Entity.cpp">
      <Filter>Source Files\Engine</Filter>
    </ClCompile>
    <ClCompile Include="..\src\gui\Label.cpp">
      <Filter>Source Files\GUI</Filter>
    </ClCompile>
    <ClCompile Include="..\src\pong_game\Paddle.cpp">
      <Filter>Source Files\Pong Game</Filter>
    </ClCompile>
    <ClCompile Include="..\src\engine\World.cpp">
      <Filter>Source Files\Engine</Filter>
    </ClCompile>
    <ClCompile Include="..\src\pong_game\PongWorld.cpp">
      <Filter>Source Files\Pong Game</Filter>
    </ClCompile>
    <ClCompile Include="..\src\engine\Player.cpp">
      <Filter>Source Files\Engine</Filter>
    </ClCompile>
    <ClCompile Include="..\src\pong_game\PongPlayer.cpp">
      <Filter>Source Files\Pong Game</Filter>
    </ClCompile>
    <ClCompile Include="..\src\gui\RootPanel.cpp">
      <Filter>Source Files\GUI</Filter>
    </ClCompile>
    <ClCompile Include="..\src\renderer\VertexBuffer2D.cpp">
      <Filter>Source Files\Renderer</Filter>
    </ClCompile>
    <ClCompile Include="..\src\pong_game\Ball.cpp">
      <Filter>Source Files\Pong Game</Filter>
    </ClCompile>
    <ClCompile Include="..\src\pong_game\GameRules.cpp">
      <Filter>Source Files\Pong Game</Filter>
    </ClCompile>
    <ClCompile Include="..\src\engine\ConVar.cpp">
      <Filter>Source Files\Engine</Filter>
    </ClCompile>
    <ClCompile Include="..\src\engine\ConCommand.cpp">
      <Filter>Source Files\Engine</Filter>
    </ClCompile>
    <ClCompile Include="..\src\input\InputEvent.cpp">
      <Filter>Source Files\Input</Filter>
    </ClCompile>
    <ClCompile Include="..\src\engine\KeyBindings.cpp">
      <Filter>Source Files\Engine</Filter>
    </ClCompile>
    <ClCompile Include="..\src\input\Win32Translator.cpp">
      <Filter>Source Files\Input</Filter>
    </ClCompile>
    <ClCompile Include="..\src\input\InputSystem.cpp">
      <Filter>Source Files\Input</Filter>
    </ClCompile>
    <ClCompile Include="..\src\renderer\Win32Font.cpp">
      <Filter>Source Files\Renderer</Filter>
    </ClCompile>
    <ClCompile Include="..\src\renderer\Texture.cpp">
      <Filter>Source Files\Renderer</Filter>
    </ClCompile>
    <ClCompile Include="..\src\utils\TGA.cpp">
      <Filter>Source Files\Utils</Filter>
    </ClCompile>
    <ClCompile Include="..\src\renderer\Pixel.cpp">
      <Filter>Source Files\Renderer</Filter>
    </ClCompile>
    <ClCompile Include="..\src\gui\Base.cpp">
      <Filter>Source Files\GUI</Filter>
    </ClCompile>
    <ClCompile Include="..\src\gui\TitleBar.cpp">
      <Filter>Source Files\GUI</Filter>
    </ClCompile>
    <ClCompile Include="..\src\input\KeyCodeToString.cpp">
      <Filter>Source Files\Input</Filter>
    </ClCompile>
    <ClCompile Include="..\src\gui\LineGraph.cpp">
      <Filter>Source Files\GUI</Filter>
    </ClCompile>
    <ClCompile Include="..\src\utils\win32\AssertCallBack.cpp">
      <Filter>Source Files\Utils\Win32</Filter>
    </ClCompile>
    <ClCompile Include="..\src\utils\Assert.cpp">
      <Filter>Source Files\Utils</Filter>
    </ClCompile>
    <ClCompile Include="..\src\utils\win32\System.cpp">
      <Filter>Source Files\Utils\Win32</Filter>
    </ClCompile>
    <ClCompile Include="..\src\utils\Log.cpp">
      <Filter>Source Files\Utils</Filter>
    </ClCompile>
    <ClCompile Include="..\src\utils\StringUtils.cpp">
      <Filter>Source Files\Utils</Filter>
    </ClCompile>
    <ClCompile Include="..\src\gui\MouseListener.cpp">
      <Filter>Source Files\GUI</Filter>
    </ClCompile>
    <ClCompile Include="..\src\pong_game\PongHUD.cpp">
      <Filter>Source Files\Pong Game</Filter>
    </ClCompile>
    <ClCompile Include="..\src\utils\Timer.cpp">
      <Filter>Source Files\Utils\Win32</Filter>
    </ClCompile>
    <ClCompile Include="..\src\breakaway_game\Player.cpp">
      <Filter>Source Files\Breakaway Game</Filter>
    </ClCompile>
    <ClCompile Include="..\src\breakaway_game\World.cpp">
      <Filter>Source Files\Breakaway Game</Filter>
    </ClCompile>
    <ClCompile Include="..\src\breakaway_game\Brick.cpp">
      <Filter>Source Files\Breakaway Game</Filter>
    </ClCompile>
    <ClCompile Include="..\src\breakaway_game\Ball.cpp">
      <Filter>Source Files\Breakaway Game</Filter>
    </ClCompile>
    <ClCompile Include="..\src\gui\TextInput.cpp">
      <Filter>Source Files\GUI</Filter>
    </ClCompile>
    <ClCompile Include="..\src\utils\DataDirectory.cpp">
      <Filter>Source Files\Utils</Filter>
    </ClCompile>
  </ItemGroup>
</Project>